// !$*UTF8*$!
{
	archiveVersion = 1;
	classes = {
	};
	objectVersion = 46;
	objects = {

/* Begin PBXBuildFile section */
		5BA778D7AE9FD064163744D3 /* libPods.a in Frameworks */ = {isa = PBXBuildFile; fileRef = E783F4F9DDDBDF738B1FD98D /* libPods.a */; };
		A51AC7961729122600ADB097 /* Foundation.framework in Frameworks */ = {isa = PBXBuildFile; fileRef = A51AC7951729122600ADB097 /* Foundation.framework */; };
		A51AC7991729122600ADB097 /* main.m in Sources */ = {isa = PBXBuildFile; fileRef = A51AC7981729122600ADB097 /* main.m */; settings = {COMPILER_FLAGS = ""; }; };
		A51AC7A41729124000ADB097 /* AddressBook.framework in Frameworks */ = {isa = PBXBuildFile; fileRef = A51AC7A31729124000ADB097 /* AddressBook.framework */; };
		A52335261A1B06A000FEBD1A /* libpcre.a in Frameworks */ = {isa = PBXBuildFile; fileRef = A52335241A1B06A000FEBD1A /* libpcre.a */; };
		A52335271A1B06A000FEBD1A /* libpcre.a in Frameworks */ = {isa = PBXBuildFile; fileRef = A52335241A1B06A000FEBD1A /* libpcre.a */; };
		A52858481A5ACEA900FBEFFB /* Uni Call Satellite in CopyFiles */ = {isa = PBXBuildFile; fileRef = A51AC7921729122600ADB097 /* Uni Call Satellite */; };
		A52858491A5ACECC00FBEFFB /* Uni Call Basestation in CopyFiles */ = {isa = PBXBuildFile; fileRef = A53A2721173BE23800D3496F /* Uni Call Basestation */; };
		A52CC9841A0DA0DB0076ECC9 /* RMPhoneFormat.m in Sources */ = {isa = PBXBuildFile; fileRef = A52CC9831A0DA0DB0076ECC9 /* RMPhoneFormat.m */; };
		A52CC9851A0DA0DB0076ECC9 /* RMPhoneFormat.m in Sources */ = {isa = PBXBuildFile; fileRef = A52CC9831A0DA0DB0076ECC9 /* RMPhoneFormat.m */; };
		A52CC98B1A0DA2B00076ECC9 /* PhoneFormats.dat in CopyFiles */ = {isa = PBXBuildFile; fileRef = A52CC9811A0DA0DB0076ECC9 /* PhoneFormats.dat */; };
		A52CC98D1A0F95860076ECC9 /* PhoneFormats.dat in CopyFiles */ = {isa = PBXBuildFile; fileRef = A52CC9811A0DA0DB0076ECC9 /* PhoneFormats.dat */; };
		A52CC98E1A0F95A00076ECC9 /* PhoneFormats.dat in CopyFiles */ = {isa = PBXBuildFile; fileRef = A52CC9811A0DA0DB0076ECC9 /* PhoneFormats.dat */; };
		A53A2722173BE23800D3496F /* Foundation.framework in Frameworks */ = {isa = PBXBuildFile; fileRef = A51AC7951729122600ADB097 /* Foundation.framework */; };
		A53A2725173BE23800D3496F /* main.m in Sources */ = {isa = PBXBuildFile; fileRef = A53A2724173BE23800D3496F /* main.m */; };
		A53A272E173BE41D00D3496F /* Security.framework in Frameworks */ = {isa = PBXBuildFile; fileRef = A53A272D173BE41D00D3496F /* Security.framework */; };
		A53A275F173CC34500D3496F /* Security.framework in Frameworks */ = {isa = PBXBuildFile; fileRef = A53A272D173BE41D00D3496F /* Security.framework */; };
		A53A2760173CC3C600D3496F /* AppKit.framework in Frameworks */ = {isa = PBXBuildFile; fileRef = A5E0E6E5173296AC002E8289 /* AppKit.framework */; };
		A54D6B2F1760735100104E23 /* ApplicationServices.framework in Frameworks */ = {isa = PBXBuildFile; fileRef = A54D6B2E1760735100104E23 /* ApplicationServices.framework */; };
		A54D6B30176192E200104E23 /* ApplicationServices.framework in Frameworks */ = {isa = PBXBuildFile; fileRef = A54D6B2E1760735100104E23 /* ApplicationServices.framework */; };
		A58CC66B173DDC82002AA820 /* GCDAsyncSocket.m in Sources */ = {isa = PBXBuildFile; fileRef = A58CC66A173DDC82002AA820 /* GCDAsyncSocket.m */; };
		A58CC66C173DDC82002AA820 /* GCDAsyncSocket.m in Sources */ = {isa = PBXBuildFile; fileRef = A58CC66A173DDC82002AA820 /* GCDAsyncSocket.m */; };
		A5A0D6C81769596E00677C93 /* Foundation.framework in Frameworks */ = {isa = PBXBuildFile; fileRef = A51AC7951729122600ADB097 /* Foundation.framework */; };
		A5A0D6CB1769596E00677C93 /* main.m in Sources */ = {isa = PBXBuildFile; fileRef = A5A0D6CA1769596E00677C93 /* main.m */; };
		A5A0D6D5176959CF00677C93 /* Skype.framework in Frameworks */ = {isa = PBXBuildFile; fileRef = A5A0D6D4176959CF00677C93 /* Skype.framework */; };
		A5A0D6D717698C4E00677C93 /* UniCall.m in Sources */ = {isa = PBXBuildFile; fileRef = A5E0E6E117327C3C002E8289 /* UniCall.m */; };
		A5CDBA521A21A97A00CD4A5B /* Updater.m in Sources */ = {isa = PBXBuildFile; fileRef = A5CDBA511A21A97A00CD4A5B /* Updater.m */; };
		A5CDF5B51A1F27CF0013C013 /* ChineseToPinyinResource.m in Sources */ = {isa = PBXBuildFile; fileRef = A5CDF5A91A1F27CF0013C013 /* ChineseToPinyinResource.m */; };
		A5CDF5B61A1F27CF0013C013 /* ChineseToPinyinResource.m in Sources */ = {isa = PBXBuildFile; fileRef = A5CDF5A91A1F27CF0013C013 /* ChineseToPinyinResource.m */; };
		A5CDF5B71A1F27CF0013C013 /* HanyuPinyinOutputFormat.m in Sources */ = {isa = PBXBuildFile; fileRef = A5CDF5AB1A1F27CF0013C013 /* HanyuPinyinOutputFormat.m */; };
		A5CDF5B81A1F27CF0013C013 /* HanyuPinyinOutputFormat.m in Sources */ = {isa = PBXBuildFile; fileRef = A5CDF5AB1A1F27CF0013C013 /* HanyuPinyinOutputFormat.m */; };
		A5CDF5B91A1F27CF0013C013 /* NSString+PinYin4Cocoa.m in Sources */ = {isa = PBXBuildFile; fileRef = A5CDF5AD1A1F27CF0013C013 /* NSString+PinYin4Cocoa.m */; };
		A5CDF5BA1A1F27CF0013C013 /* NSString+PinYin4Cocoa.m in Sources */ = {isa = PBXBuildFile; fileRef = A5CDF5AD1A1F27CF0013C013 /* NSString+PinYin4Cocoa.m */; };
		A5CDF5BB1A1F27CF0013C013 /* PinyinFormatter.m in Sources */ = {isa = PBXBuildFile; fileRef = A5CDF5B01A1F27CF0013C013 /* PinyinFormatter.m */; };
		A5CDF5BC1A1F27CF0013C013 /* PinyinFormatter.m in Sources */ = {isa = PBXBuildFile; fileRef = A5CDF5B01A1F27CF0013C013 /* PinyinFormatter.m */; };
		A5CDF5BD1A1F27CF0013C013 /* PinyinHelper.m in Sources */ = {isa = PBXBuildFile; fileRef = A5CDF5B21A1F27CF0013C013 /* PinyinHelper.m */; };
		A5CDF5BE1A1F27CF0013C013 /* PinyinHelper.m in Sources */ = {isa = PBXBuildFile; fileRef = A5CDF5B21A1F27CF0013C013 /* PinyinHelper.m */; };
		A5CDF5BF1A1F27EF0013C013 /* unicode_to_hanyu_pinyin.txt in CopyFiles */ = {isa = PBXBuildFile; fileRef = A5CDF5B41A1F27CF0013C013 /* unicode_to_hanyu_pinyin.txt */; };
		A5CDF5C01A1F2B1D0013C013 /* unicode_to_hanyu_pinyin.txt in CopyFiles */ = {isa = PBXBuildFile; fileRef = A5CDF5B41A1F27CF0013C013 /* unicode_to_hanyu_pinyin.txt */; };
		A5CDF5C11A1F2B1F0013C013 /* unicode_to_hanyu_pinyin.txt in CopyFiles */ = {isa = PBXBuildFile; fileRef = A5CDF5B41A1F27CF0013C013 /* unicode_to_hanyu_pinyin.txt */; };
		A5D57C681744A36D00571334 /* Foundation.framework in Frameworks */ = {isa = PBXBuildFile; fileRef = A51AC7951729122600ADB097 /* Foundation.framework */; };
		A5D57C6B1744A36D00571334 /* main.m in Sources */ = {isa = PBXBuildFile; fileRef = A5D57C6A1744A36D00571334 /* main.m */; };
		A5E0E6E217327C3C002E8289 /* UniCall.m in Sources */ = {isa = PBXBuildFile; fileRef = A5E0E6E117327C3C002E8289 /* UniCall.m */; settings = {COMPILER_FLAGS = ""; }; };
		A5E0E6E6173296AC002E8289 /* AppKit.framework in Frameworks */ = {isa = PBXBuildFile; fileRef = A5E0E6E5173296AC002E8289 /* AppKit.framework */; };
		A5E6F85F1A06F1A400967B72 /* AddressBook.framework in Frameworks */ = {isa = PBXBuildFile; fileRef = A51AC7A31729124000ADB097 /* AddressBook.framework */; };
		A5F40BDF17F5B96900747AC5 /* AddressBook.framework in Frameworks */ = {isa = PBXBuildFile; fileRef = A51AC7A31729124000ADB097 /* AddressBook.framework */; };
		A5F40BE017F5B98A00747AC5 /* AppKit.framework in Frameworks */ = {isa = PBXBuildFile; fileRef = A5E0E6E5173296AC002E8289 /* AppKit.framework */; };
/* End PBXBuildFile section */

/* Begin PBXCopyFilesBuildPhase section */
		A51AC7A51729285B00ADB097 /* CopyFiles */ = {
			isa = PBXCopyFilesBuildPhase;
			buildActionMask = 12;
			dstPath = "/Users/guiguan/Dropbox/Alfred.alfredpreferences/workflows/user.workflow.D1A87876-B4E1-4FB9-9028-2562B0B52AEA/bin";
			dstSubfolderSpec = 0;
			files = (
				A52858481A5ACEA900FBEFFB /* Uni Call Satellite in CopyFiles */,
				A52CC98E1A0F95A00076ECC9 /* PhoneFormats.dat in CopyFiles */,
				A5CDF5C01A1F2B1D0013C013 /* unicode_to_hanyu_pinyin.txt in CopyFiles */,
			);
			runOnlyForDeploymentPostprocessing = 0;
		};
		A52CC98A1A0DA2A50076ECC9 /* CopyFiles */ = {
			isa = PBXCopyFilesBuildPhase;
			buildActionMask = 2147483647;
			dstPath = "";
			dstSubfolderSpec = 16;
			files = (
				A52CC98B1A0DA2B00076ECC9 /* PhoneFormats.dat in CopyFiles */,
				A5CDF5BF1A1F27EF0013C013 /* unicode_to_hanyu_pinyin.txt in CopyFiles */,
			);
			runOnlyForDeploymentPostprocessing = 0;
		};
		A52CC98C1A0F95780076ECC9 /* CopyFiles */ = {
			isa = PBXCopyFilesBuildPhase;
			buildActionMask = 2147483647;
			dstPath = "";
			dstSubfolderSpec = 16;
			files = (
				A52CC98D1A0F95860076ECC9 /* PhoneFormats.dat in CopyFiles */,
				A5CDF5C11A1F2B1F0013C013 /* unicode_to_hanyu_pinyin.txt in CopyFiles */,
			);
			runOnlyForDeploymentPostprocessing = 0;
		};
		A58CC66D173E3145002AA820 /* CopyFiles */ = {
			isa = PBXCopyFilesBuildPhase;
			buildActionMask = 2147483647;
			dstPath = "/Users/guiguan/Dropbox/Alfred.alfredpreferences/workflows/user.workflow.D1A87876-B4E1-4FB9-9028-2562B0B52AEA/bin";
			dstSubfolderSpec = 0;
			files = (
				A52858491A5ACECC00FBEFFB /* Uni Call Basestation in CopyFiles */,
			);
			runOnlyForDeploymentPostprocessing = 0;
		};
/* End PBXCopyFilesBuildPhase section */

/* Begin PBXFileReference section */
		2F4E9140F139D819F16E50D6 /* Pods.release.xcconfig */ = {isa = PBXFileReference; includeInIndex = 1; lastKnownFileType = text.xcconfig; name = Pods.release.xcconfig; path = "Pods/Target Support Files/Pods/Pods.release.xcconfig"; sourceTree = "<group>"; };
		762F68E1D4F7A6B7BB5722FB /* Pods.debug.xcconfig */ = {isa = PBXFileReference; includeInIndex = 1; lastKnownFileType = text.xcconfig; name = Pods.debug.xcconfig; path = "Pods/Target Support Files/Pods/Pods.debug.xcconfig"; sourceTree = "<group>"; };
		A51AC7921729122600ADB097 /* Uni Call Satellite */ = {isa = PBXFileReference; explicitFileType = "compiled.mach-o.executable"; includeInIndex = 0; path = "Uni Call Satellite"; sourceTree = BUILT_PRODUCTS_DIR; };
		A51AC7951729122600ADB097 /* Foundation.framework */ = {isa = PBXFileReference; lastKnownFileType = wrapper.framework; name = Foundation.framework; path = System/Library/Frameworks/Foundation.framework; sourceTree = SDKROOT; };
		A51AC7981729122600ADB097 /* main.m */ = {isa = PBXFileReference; lastKnownFileType = sourcecode.c.objc; path = main.m; sourceTree = "<group>"; };
		A51AC79B1729122600ADB097 /* Uni Call-Prefix.pch */ = {isa = PBXFileReference; lastKnownFileType = sourcecode.c.h; path = "Uni Call-Prefix.pch"; sourceTree = "<group>"; };
		A51AC7A31729124000ADB097 /* AddressBook.framework */ = {isa = PBXFileReference; lastKnownFileType = wrapper.framework; name = AddressBook.framework; path = System/Library/Frameworks/AddressBook.framework; sourceTree = SDKROOT; };
		A52335241A1B06A000FEBD1A /* libpcre.a */ = {isa = PBXFileReference; lastKnownFileType = archive.ar; path = libpcre.a; sourceTree = "<group>"; };
		A52335251A1B06A000FEBD1A /* pcre.h */ = {isa = PBXFileReference; fileEncoding = 4; lastKnownFileType = sourcecode.c.h; path = pcre.h; sourceTree = "<group>"; };
		A52CC9811A0DA0DB0076ECC9 /* PhoneFormats.dat */ = {isa = PBXFileReference; lastKnownFileType = file; path = PhoneFormats.dat; sourceTree = "<group>"; };
		A52CC9821A0DA0DB0076ECC9 /* RMPhoneFormat.h */ = {isa = PBXFileReference; fileEncoding = 4; lastKnownFileType = sourcecode.c.h; path = RMPhoneFormat.h; sourceTree = "<group>"; };
		A52CC9831A0DA0DB0076ECC9 /* RMPhoneFormat.m */ = {isa = PBXFileReference; fileEncoding = 4; lastKnownFileType = sourcecode.c.objc; path = RMPhoneFormat.m; sourceTree = "<group>"; };
		A53A2721173BE23800D3496F /* Uni Call Basestation */ = {isa = PBXFileReference; explicitFileType = "compiled.mach-o.executable"; includeInIndex = 0; path = "Uni Call Basestation"; sourceTree = BUILT_PRODUCTS_DIR; };
		A53A2724173BE23800D3496F /* main.m */ = {isa = PBXFileReference; lastKnownFileType = sourcecode.c.objc; path = main.m; sourceTree = "<group>"; };
		A53A2727173BE23800D3496F /* Uni Call Basestation-Prefix.pch */ = {isa = PBXFileReference; lastKnownFileType = sourcecode.c.h; path = "Uni Call Basestation-Prefix.pch"; sourceTree = "<group>"; };
		A53A272D173BE41D00D3496F /* Security.framework */ = {isa = PBXFileReference; lastKnownFileType = wrapper.framework; name = Security.framework; path = System/Library/Frameworks/Security.framework; sourceTree = SDKROOT; };
		A53A275E173CBEA700D3496F /* NetworkSharedParameters.h */ = {isa = PBXFileReference; fileEncoding = 4; lastKnownFileType = sourcecode.c.h; path = NetworkSharedParameters.h; sourceTree = "<group>"; };
		A54D6B2E1760735100104E23 /* ApplicationServices.framework */ = {isa = PBXFileReference; lastKnownFileType = wrapper.framework; name = ApplicationServices.framework; path = System/Library/Frameworks/ApplicationServices.framework; sourceTree = SDKROOT; };
		A58CC669173DDC82002AA820 /* GCDAsyncSocket.h */ = {isa = PBXFileReference; fileEncoding = 4; lastKnownFileType = sourcecode.c.h; path = GCDAsyncSocket.h; sourceTree = "<group>"; };
		A58CC66A173DDC82002AA820 /* GCDAsyncSocket.m */ = {isa = PBXFileReference; fileEncoding = 4; lastKnownFileType = sourcecode.c.objc; path = GCDAsyncSocket.m; sourceTree = "<group>"; };
		A5A0D6C71769596E00677C93 /* Skype Call */ = {isa = PBXFileReference; explicitFileType = "compiled.mach-o.executable"; includeInIndex = 0; path = "Skype Call"; sourceTree = BUILT_PRODUCTS_DIR; };
		A5A0D6CA1769596E00677C93 /* main.m */ = {isa = PBXFileReference; lastKnownFileType = sourcecode.c.objc; path = main.m; sourceTree = "<group>"; };
		A5A0D6CD1769596E00677C93 /* Skype Call-Prefix.pch */ = {isa = PBXFileReference; lastKnownFileType = sourcecode.c.h; path = "Skype Call-Prefix.pch"; sourceTree = "<group>"; };
		A5A0D6D4176959CF00677C93 /* Skype.framework */ = {isa = PBXFileReference; lastKnownFileType = wrapper.framework; name = Skype.framework; path = "Skype Call/Skype.framework"; sourceTree = "<group>"; };
		A5CDBA501A21A97A00CD4A5B /* Updater.h */ = {isa = PBXFileReference; fileEncoding = 4; lastKnownFileType = sourcecode.c.h; path = Updater.h; sourceTree = "<group>"; };
		A5CDBA511A21A97A00CD4A5B /* Updater.m */ = {isa = PBXFileReference; fileEncoding = 4; lastKnownFileType = sourcecode.c.objc; path = Updater.m; sourceTree = "<group>"; };
		A5CDF5A81A1F27CF0013C013 /* ChineseToPinyinResource.h */ = {isa = PBXFileReference; fileEncoding = 4; lastKnownFileType = sourcecode.c.h; path = ChineseToPinyinResource.h; sourceTree = "<group>"; };
		A5CDF5A91A1F27CF0013C013 /* ChineseToPinyinResource.m */ = {isa = PBXFileReference; fileEncoding = 4; lastKnownFileType = sourcecode.c.objc; path = ChineseToPinyinResource.m; sourceTree = "<group>"; };
		A5CDF5AA1A1F27CF0013C013 /* HanyuPinyinOutputFormat.h */ = {isa = PBXFileReference; fileEncoding = 4; lastKnownFileType = sourcecode.c.h; path = HanyuPinyinOutputFormat.h; sourceTree = "<group>"; };
		A5CDF5AB1A1F27CF0013C013 /* HanyuPinyinOutputFormat.m */ = {isa = PBXFileReference; fileEncoding = 4; lastKnownFileType = sourcecode.c.objc; path = HanyuPinyinOutputFormat.m; sourceTree = "<group>"; };
		A5CDF5AC1A1F27CF0013C013 /* NSString+PinYin4Cocoa.h */ = {isa = PBXFileReference; fileEncoding = 4; lastKnownFileType = sourcecode.c.h; path = "NSString+PinYin4Cocoa.h"; sourceTree = "<group>"; };
		A5CDF5AD1A1F27CF0013C013 /* NSString+PinYin4Cocoa.m */ = {isa = PBXFileReference; fileEncoding = 4; lastKnownFileType = sourcecode.c.objc; path = "NSString+PinYin4Cocoa.m"; sourceTree = "<group>"; };
		A5CDF5AE1A1F27CF0013C013 /* PinYin4Objc.h */ = {isa = PBXFileReference; fileEncoding = 4; lastKnownFileType = sourcecode.c.h; path = PinYin4Objc.h; sourceTree = "<group>"; };
		A5CDF5AF1A1F27CF0013C013 /* PinyinFormatter.h */ = {isa = PBXFileReference; fileEncoding = 4; lastKnownFileType = sourcecode.c.h; path = PinyinFormatter.h; sourceTree = "<group>"; };
		A5CDF5B01A1F27CF0013C013 /* PinyinFormatter.m */ = {isa = PBXFileReference; fileEncoding = 4; lastKnownFileType = sourcecode.c.objc; path = PinyinFormatter.m; sourceTree = "<group>"; };
		A5CDF5B11A1F27CF0013C013 /* PinyinHelper.h */ = {isa = PBXFileReference; fileEncoding = 4; lastKnownFileType = sourcecode.c.h; path = PinyinHelper.h; sourceTree = "<group>"; };
		A5CDF5B21A1F27CF0013C013 /* PinyinHelper.m */ = {isa = PBXFileReference; fileEncoding = 4; lastKnownFileType = sourcecode.c.objc; path = PinyinHelper.m; sourceTree = "<group>"; };
		A5CDF5B41A1F27CF0013C013 /* unicode_to_hanyu_pinyin.txt */ = {isa = PBXFileReference; fileEncoding = 4; lastKnownFileType = text; path = unicode_to_hanyu_pinyin.txt; sourceTree = "<group>"; };
		A5D57C671744A36D00571334 /* Test */ = {isa = PBXFileReference; explicitFileType = "compiled.mach-o.executable"; includeInIndex = 0; path = Test; sourceTree = BUILT_PRODUCTS_DIR; };
		A5D57C6A1744A36D00571334 /* main.m */ = {isa = PBXFileReference; lastKnownFileType = sourcecode.c.objc; path = main.m; sourceTree = "<group>"; };
		A5D57C6D1744A36D00571334 /* Test-Prefix.pch */ = {isa = PBXFileReference; lastKnownFileType = sourcecode.c.h; path = "Test-Prefix.pch"; sourceTree = "<group>"; };
		A5E0E6E017327C3C002E8289 /* UniCall.h */ = {isa = PBXFileReference; fileEncoding = 4; lastKnownFileType = sourcecode.c.h; path = UniCall.h; sourceTree = "<group>"; };
		A5E0E6E117327C3C002E8289 /* UniCall.m */ = {isa = PBXFileReference; fileEncoding = 4; lastKnownFileType = sourcecode.c.objc; path = UniCall.m; sourceTree = "<group>"; };
		A5E0E6E5173296AC002E8289 /* AppKit.framework */ = {isa = PBXFileReference; lastKnownFileType = wrapper.framework; name = AppKit.framework; path = System/Library/Frameworks/AppKit.framework; sourceTree = SDKROOT; };
		E783F4F9DDDBDF738B1FD98D /* libPods.a */ = {isa = PBXFileReference; explicitFileType = archive.ar; includeInIndex = 0; path = libPods.a; sourceTree = BUILT_PRODUCTS_DIR; };
/* End PBXFileReference section */

/* Begin PBXFrameworksBuildPhase section */
		A51AC78F1729122600ADB097 /* Frameworks */ = {
			isa = PBXFrameworksBuildPhase;
			buildActionMask = 2147483647;
			files = (
				A54D6B30176192E200104E23 /* ApplicationServices.framework in Frameworks */,
				A53A272E173BE41D00D3496F /* Security.framework in Frameworks */,
				A5E0E6E6173296AC002E8289 /* AppKit.framework in Frameworks */,
				A51AC7A41729124000ADB097 /* AddressBook.framework in Frameworks */,
				A51AC7961729122600ADB097 /* Foundation.framework in Frameworks */,
				A52335261A1B06A000FEBD1A /* libpcre.a in Frameworks */,
				5BA778D7AE9FD064163744D3 /* libPods.a in Frameworks */,
			);
			runOnlyForDeploymentPostprocessing = 0;
		};
		A53A271E173BE23800D3496F /* Frameworks */ = {
			isa = PBXFrameworksBuildPhase;
			buildActionMask = 2147483647;
			files = (
				A53A2760173CC3C600D3496F /* AppKit.framework in Frameworks */,
				A53A275F173CC34500D3496F /* Security.framework in Frameworks */,
				A53A2722173BE23800D3496F /* Foundation.framework in Frameworks */,
			);
			runOnlyForDeploymentPostprocessing = 0;
		};
		A5A0D6C41769596E00677C93 /* Frameworks */ = {
			isa = PBXFrameworksBuildPhase;
			buildActionMask = 2147483647;
			files = (
				A5F40BE017F5B98A00747AC5 /* AppKit.framework in Frameworks */,
				A5F40BDF17F5B96900747AC5 /* AddressBook.framework in Frameworks */,
				A5A0D6C81769596E00677C93 /* Foundation.framework in Frameworks */,
				A5A0D6D5176959CF00677C93 /* Skype.framework in Frameworks */,
			);
			runOnlyForDeploymentPostprocessing = 0;
		};
		A5D57C641744A36D00571334 /* Frameworks */ = {
			isa = PBXFrameworksBuildPhase;
			buildActionMask = 2147483647;
			files = (
				A5E6F85F1A06F1A400967B72 /* AddressBook.framework in Frameworks */,
				A52335271A1B06A000FEBD1A /* libpcre.a in Frameworks */,
				A54D6B2F1760735100104E23 /* ApplicationServices.framework in Frameworks */,
				A5D57C681744A36D00571334 /* Foundation.framework in Frameworks */,
			);
			runOnlyForDeploymentPostprocessing = 0;
		};
/* End PBXFrameworksBuildPhase section */

/* Begin PBXGroup section */
		A51AC7891729122600ADB097 = {
			isa = PBXGroup;
			children = (
				A53A275E173CBEA700D3496F /* NetworkSharedParameters.h */,
				A5CDF5A61A1F27CF0013C013 /* PinYin4Objc */,
				A52335231A1B06A000FEBD1A /* pcre */,
				A52CC9801A0DA0DB0076ECC9 /* RMPhoneFormat */,
				A58CC668173DDC82002AA820 /* GCD */,
				A51AC7971729122600ADB097 /* Uni Call Satellite */,
				A53A2723173BE23800D3496F /* Uni Call Basestation */,
				A5A0D6C91769596E00677C93 /* Skype Call */,
				A5D57C691744A36D00571334 /* Test */,
				A51AC7941729122600ADB097 /* Frameworks */,
				A51AC7931729122600ADB097 /* Products */,
				B8D56CBA52A693033712D1B7 /* Pods */,
			);
			sourceTree = "<group>";
		};
		A51AC7931729122600ADB097 /* Products */ = {
			isa = PBXGroup;
			children = (
				A51AC7921729122600ADB097 /* Uni Call Satellite */,
				A53A2721173BE23800D3496F /* Uni Call Basestation */,
				A5D57C671744A36D00571334 /* Test */,
				A5A0D6C71769596E00677C93 /* Skype Call */,
			);
			name = Products;
			sourceTree = "<group>";
		};
		A51AC7941729122600ADB097 /* Frameworks */ = {
			isa = PBXGroup;
			children = (
				A5A0D6D4176959CF00677C93 /* Skype.framework */,
				A54D6B2E1760735100104E23 /* ApplicationServices.framework */,
				A53A272D173BE41D00D3496F /* Security.framework */,
				A5E0E6E5173296AC002E8289 /* AppKit.framework */,
				A51AC7A31729124000ADB097 /* AddressBook.framework */,
				A51AC7951729122600ADB097 /* Foundation.framework */,
				E783F4F9DDDBDF738B1FD98D /* libPods.a */,
			);
			name = Frameworks;
			sourceTree = "<group>";
		};
		A51AC7971729122600ADB097 /* Uni Call Satellite */ = {
			isa = PBXGroup;
			children = (
				A5E0E6E017327C3C002E8289 /* UniCall.h */,
				A5E0E6E117327C3C002E8289 /* UniCall.m */,
				A5CDBA501A21A97A00CD4A5B /* Updater.h */,
				A5CDBA511A21A97A00CD4A5B /* Updater.m */,
				A51AC7981729122600ADB097 /* main.m */,
				A51AC79A1729122600ADB097 /* Supporting Files */,
			);
			path = "Uni Call Satellite";
			sourceTree = "<group>";
		};
		A51AC79A1729122600ADB097 /* Supporting Files */ = {
			isa = PBXGroup;
			children = (
				A51AC79B1729122600ADB097 /* Uni Call-Prefix.pch */,
			);
			name = "Supporting Files";
			sourceTree = "<group>";
		};
		A52335231A1B06A000FEBD1A /* pcre */ = {
			isa = PBXGroup;
			children = (
				A52335241A1B06A000FEBD1A /* libpcre.a */,
				A52335251A1B06A000FEBD1A /* pcre.h */,
			);
			path = pcre;
			sourceTree = "<group>";
		};
		A52CC9801A0DA0DB0076ECC9 /* RMPhoneFormat */ = {
			isa = PBXGroup;
			children = (
				A52CC9811A0DA0DB0076ECC9 /* PhoneFormats.dat */,
				A52CC9821A0DA0DB0076ECC9 /* RMPhoneFormat.h */,
				A52CC9831A0DA0DB0076ECC9 /* RMPhoneFormat.m */,
			);
			path = RMPhoneFormat;
			sourceTree = "<group>";
		};
		A53A2723173BE23800D3496F /* Uni Call Basestation */ = {
			isa = PBXGroup;
			children = (
				A53A2724173BE23800D3496F /* main.m */,
				A53A2726173BE23800D3496F /* Supporting Files */,
			);
			path = "Uni Call Basestation";
			sourceTree = "<group>";
		};
		A53A2726173BE23800D3496F /* Supporting Files */ = {
			isa = PBXGroup;
			children = (
				A53A2727173BE23800D3496F /* Uni Call Basestation-Prefix.pch */,
			);
			name = "Supporting Files";
			sourceTree = "<group>";
		};
		A58CC668173DDC82002AA820 /* GCD */ = {
			isa = PBXGroup;
			children = (
				A58CC669173DDC82002AA820 /* GCDAsyncSocket.h */,
				A58CC66A173DDC82002AA820 /* GCDAsyncSocket.m */,
			);
			path = GCD;
			sourceTree = "<group>";
		};
		A5A0D6C91769596E00677C93 /* Skype Call */ = {
			isa = PBXGroup;
			children = (
				A5A0D6CA1769596E00677C93 /* main.m */,
				A5A0D6CC1769596E00677C93 /* Supporting Files */,
			);
			path = "Skype Call";
			sourceTree = "<group>";
		};
		A5A0D6CC1769596E00677C93 /* Supporting Files */ = {
			isa = PBXGroup;
			children = (
				A5A0D6CD1769596E00677C93 /* Skype Call-Prefix.pch */,
			);
			name = "Supporting Files";
			sourceTree = "<group>";
		};
		A5CDF5A61A1F27CF0013C013 /* PinYin4Objc */ = {
			isa = PBXGroup;
			children = (
				A5CDF5A71A1F27CF0013C013 /* Classes */,
				A5CDF5B31A1F27CF0013C013 /* Resources */,
			);
			path = PinYin4Objc;
			sourceTree = "<group>";
		};
		A5CDF5A71A1F27CF0013C013 /* Classes */ = {
			isa = PBXGroup;
			children = (
				A5CDF5A81A1F27CF0013C013 /* ChineseToPinyinResource.h */,
				A5CDF5A91A1F27CF0013C013 /* ChineseToPinyinResource.m */,
				A5CDF5AA1A1F27CF0013C013 /* HanyuPinyinOutputFormat.h */,
				A5CDF5AB1A1F27CF0013C013 /* HanyuPinyinOutputFormat.m */,
				A5CDF5AC1A1F27CF0013C013 /* NSString+PinYin4Cocoa.h */,
				A5CDF5AD1A1F27CF0013C013 /* NSString+PinYin4Cocoa.m */,
				A5CDF5AE1A1F27CF0013C013 /* PinYin4Objc.h */,
				A5CDF5AF1A1F27CF0013C013 /* PinyinFormatter.h */,
				A5CDF5B01A1F27CF0013C013 /* PinyinFormatter.m */,
				A5CDF5B11A1F27CF0013C013 /* PinyinHelper.h */,
				A5CDF5B21A1F27CF0013C013 /* PinyinHelper.m */,
			);
			path = Classes;
			sourceTree = "<group>";
		};
		A5CDF5B31A1F27CF0013C013 /* Resources */ = {
			isa = PBXGroup;
			children = (
				A5CDF5B41A1F27CF0013C013 /* unicode_to_hanyu_pinyin.txt */,
			);
			path = Resources;
			sourceTree = "<group>";
		};
		A5D57C691744A36D00571334 /* Test */ = {
			isa = PBXGroup;
			children = (
				A5D57C6A1744A36D00571334 /* main.m */,
				A5D57C6C1744A36D00571334 /* Supporting Files */,
			);
			path = Test;
			sourceTree = "<group>";
		};
		A5D57C6C1744A36D00571334 /* Supporting Files */ = {
			isa = PBXGroup;
			children = (
				A5D57C6D1744A36D00571334 /* Test-Prefix.pch */,
			);
			name = "Supporting Files";
			sourceTree = "<group>";
		};
		B8D56CBA52A693033712D1B7 /* Pods */ = {
			isa = PBXGroup;
			children = (
				762F68E1D4F7A6B7BB5722FB /* Pods.debug.xcconfig */,
				2F4E9140F139D819F16E50D6 /* Pods.release.xcconfig */,
			);
			name = Pods;
			sourceTree = "<group>";
		};
/* End PBXGroup section */

/* Begin PBXNativeTarget section */
		A51AC7911729122600ADB097 /* Uni Call Satellite */ = {
			isa = PBXNativeTarget;
			buildConfigurationList = A51AC7A01729122600ADB097 /* Build configuration list for PBXNativeTarget "Uni Call Satellite" */;
			buildPhases = (
				96D3BDDA759C26E504887021 /* Check Pods Manifest.lock */,
				A51AC78E1729122600ADB097 /* Sources */,
				A51AC78F1729122600ADB097 /* Frameworks */,
				A51AC7A51729285B00ADB097 /* CopyFiles */,
				A52CC98C1A0F95780076ECC9 /* CopyFiles */,
				E2E0DF6F35178A074CD0BD69 /* Copy Pods Resources */,
			);
			buildRules = (
			);
			dependencies = (
			);
			name = "Uni Call Satellite";
			productName = "Skype Call";
			productReference = A51AC7921729122600ADB097 /* Uni Call Satellite */;
			productType = "com.apple.product-type.tool";
		};
		A53A2720173BE23800D3496F /* Uni Call Basestation */ = {
			isa = PBXNativeTarget;
			buildConfigurationList = A53A272A173BE23900D3496F /* Build configuration list for PBXNativeTarget "Uni Call Basestation" */;
			buildPhases = (
				A53A271D173BE23800D3496F /* Sources */,
				A53A271E173BE23800D3496F /* Frameworks */,
				A58CC66D173E3145002AA820 /* CopyFiles */,
			);
			buildRules = (
			);
			dependencies = (
			);
			name = "Uni Call Basestation";
			productName = "Uni Call Basestation";
			productReference = A53A2721173BE23800D3496F /* Uni Call Basestation */;
			productType = "com.apple.product-type.tool";
		};
		A5A0D6C61769596E00677C93 /* Skype Call */ = {
			isa = PBXNativeTarget;
			buildConfigurationList = A5A0D6D01769596E00677C93 /* Build configuration list for PBXNativeTarget "Skype Call" */;
			buildPhases = (
				A5A0D6C31769596E00677C93 /* Sources */,
				A5A0D6C41769596E00677C93 /* Frameworks */,
			);
			buildRules = (
			);
			dependencies = (
			);
			name = "Skype Call";
			productName = "Skype Call";
			productReference = A5A0D6C71769596E00677C93 /* Skype Call */;
			productType = "com.apple.product-type.tool";
		};
		A5D57C661744A36D00571334 /* Test */ = {
			isa = PBXNativeTarget;
			buildConfigurationList = A5D57C721744A36D00571334 /* Build configuration list for PBXNativeTarget "Test" */;
			buildPhases = (
				A5D57C631744A36D00571334 /* Sources */,
				A5D57C641744A36D00571334 /* Frameworks */,
				A52CC98A1A0DA2A50076ECC9 /* CopyFiles */,
			);
			buildRules = (
			);
			dependencies = (
			);
			name = Test;
			productName = Test;
			productReference = A5D57C671744A36D00571334 /* Test */;
			productType = "com.apple.product-type.tool";
		};
/* End PBXNativeTarget section */

/* Begin PBXProject section */
		A51AC78A1729122600ADB097 /* Project object */ = {
			isa = PBXProject;
			attributes = {
				LastUpgradeCheck = 0500;
				ORGANIZATIONNAME = "Guan Gui";
			};
			buildConfigurationList = A51AC78D1729122600ADB097 /* Build configuration list for PBXProject "Uni Call" */;
			compatibilityVersion = "Xcode 3.2";
			developmentRegion = English;
			hasScannedForEncodings = 0;
			knownRegions = (
				en,
			);
			mainGroup = A51AC7891729122600ADB097;
			productRefGroup = A51AC7931729122600ADB097 /* Products */;
			projectDirPath = "";
			projectRoot = "";
			targets = (
				A51AC7911729122600ADB097 /* Uni Call Satellite */,
				A53A2720173BE23800D3496F /* Uni Call Basestation */,
				A5A0D6C61769596E00677C93 /* Skype Call */,
				A5D57C661744A36D00571334 /* Test */,
			);
		};
/* End PBXProject section */

/* Begin PBXShellScriptBuildPhase section */
		96D3BDDA759C26E504887021 /* Check Pods Manifest.lock */ = {
			isa = PBXShellScriptBuildPhase;
			buildActionMask = 2147483647;
			files = (
			);
			inputPaths = (
			);
			name = "Check Pods Manifest.lock";
			outputPaths = (
			);
			runOnlyForDeploymentPostprocessing = 0;
			shellPath = /bin/sh;
			shellScript = "diff \"${PODS_ROOT}/../Podfile.lock\" \"${PODS_ROOT}/Manifest.lock\" > /dev/null\nif [[ $? != 0 ]] ; then\n    cat << EOM\nerror: The sandbox is not in sync with the Podfile.lock. Run 'pod install' or update your CocoaPods installation.\nEOM\n    exit 1\nfi\n";
			showEnvVarsInLog = 0;
		};
		E2E0DF6F35178A074CD0BD69 /* Copy Pods Resources */ = {
			isa = PBXShellScriptBuildPhase;
			buildActionMask = 2147483647;
			files = (
			);
			inputPaths = (
			);
			name = "Copy Pods Resources";
			outputPaths = (
			);
			runOnlyForDeploymentPostprocessing = 0;
			shellPath = /bin/sh;
			shellScript = "\"${SRCROOT}/Pods/Target Support Files/Pods/Pods-resources.sh\"\n";
			showEnvVarsInLog = 0;
		};
/* End PBXShellScriptBuildPhase section */

/* Begin PBXSourcesBuildPhase section */
		A51AC78E1729122600ADB097 /* Sources */ = {
			isa = PBXSourcesBuildPhase;
			buildActionMask = 2147483647;
			files = (
				A5CDF5BD1A1F27CF0013C013 /* PinyinHelper.m in Sources */,
				A5CDBA521A21A97A00CD4A5B /* Updater.m in Sources */,
				A5CDF5B71A1F27CF0013C013 /* HanyuPinyinOutputFormat.m in Sources */,
				A5CDF5B51A1F27CF0013C013 /* ChineseToPinyinResource.m in Sources */,
				A52CC9841A0DA0DB0076ECC9 /* RMPhoneFormat.m in Sources */,
				A51AC7991729122600ADB097 /* main.m in Sources */,
				A5CDF5B91A1F27CF0013C013 /* NSString+PinYin4Cocoa.m in Sources */,
				A5E0E6E217327C3C002E8289 /* UniCall.m in Sources */,
				A58CC66B173DDC82002AA820 /* GCDAsyncSocket.m in Sources */,
				A5CDF5BB1A1F27CF0013C013 /* PinyinFormatter.m in Sources */,
			);
			runOnlyForDeploymentPostprocessing = 0;
		};
		A53A271D173BE23800D3496F /* Sources */ = {
			isa = PBXSourcesBuildPhase;
			buildActionMask = 2147483647;
			files = (
				A53A2725173BE23800D3496F /* main.m in Sources */,
				A58CC66C173DDC82002AA820 /* GCDAsyncSocket.m in Sources */,
			);
			runOnlyForDeploymentPostprocessing = 0;
		};
		A5A0D6C31769596E00677C93 /* Sources */ = {
			isa = PBXSourcesBuildPhase;
			buildActionMask = 2147483647;
			files = (
				A5A0D6D717698C4E00677C93 /* UniCall.m in Sources */,
				A5A0D6CB1769596E00677C93 /* main.m in Sources */,
			);
			runOnlyForDeploymentPostprocessing = 0;
		};
		A5D57C631744A36D00571334 /* Sources */ = {
			isa = PBXSourcesBuildPhase;
			buildActionMask = 2147483647;
			files = (
				A52CC9851A0DA0DB0076ECC9 /* RMPhoneFormat.m in Sources */,
				A5CDF5BC1A1F27CF0013C013 /* PinyinFormatter.m in Sources */,
				A5CDF5BA1A1F27CF0013C013 /* NSString+PinYin4Cocoa.m in Sources */,
				A5CDF5BE1A1F27CF0013C013 /* PinyinHelper.m in Sources */,
				A5D57C6B1744A36D00571334 /* main.m in Sources */,
				A5CDF5B81A1F27CF0013C013 /* HanyuPinyinOutputFormat.m in Sources */,
				A5CDF5B61A1F27CF0013C013 /* ChineseToPinyinResource.m in Sources */,
			);
			runOnlyForDeploymentPostprocessing = 0;
		};
/* End PBXSourcesBuildPhase section */

/* Begin XCBuildConfiguration section */
		A51AC79E1729122600ADB097 /* Debug */ = {
			isa = XCBuildConfiguration;
			buildSettings = {
				ALWAYS_SEARCH_USER_PATHS = NO;
				CLANG_CXX_LANGUAGE_STANDARD = "gnu++0x";
				CLANG_CXX_LIBRARY = "libc++";
				CLANG_ENABLE_OBJC_ARC = YES;
				CLANG_WARN_CONSTANT_CONVERSION = YES;
				CLANG_WARN_EMPTY_BODY = YES;
				CLANG_WARN_ENUM_CONVERSION = YES;
				CLANG_WARN_INT_CONVERSION = YES;
				CLANG_WARN__DUPLICATE_METHOD_MATCH = YES;
				COPY_PHASE_STRIP = NO;
				GCC_C_LANGUAGE_STANDARD = gnu99;
				GCC_DYNAMIC_NO_PIC = NO;
				GCC_ENABLE_OBJC_EXCEPTIONS = YES;
				GCC_OPTIMIZATION_LEVEL = 0;
				GCC_PREPROCESSOR_DEFINITIONS = (
					"DEBUG=1",
					"$(inherited)",
				);
				GCC_SYMBOLS_PRIVATE_EXTERN = NO;
				GCC_WARN_64_TO_32_BIT_CONVERSION = YES;
				GCC_WARN_ABOUT_RETURN_TYPE = YES;
				GCC_WARN_UNINITIALIZED_AUTOS = YES;
				GCC_WARN_UNUSED_VARIABLE = YES;
				MACOSX_DEPLOYMENT_TARGET = 10.8;
				ONLY_ACTIVE_ARCH = YES;
				SDKROOT = macosx;
			};
			name = Debug;
		};
		A51AC79F1729122600ADB097 /* Release */ = {
			isa = XCBuildConfiguration;
			buildSettings = {
				ALWAYS_SEARCH_USER_PATHS = NO;
				CLANG_CXX_LANGUAGE_STANDARD = "gnu++0x";
				CLANG_CXX_LIBRARY = "libc++";
				CLANG_ENABLE_OBJC_ARC = YES;
				CLANG_WARN_CONSTANT_CONVERSION = YES;
				CLANG_WARN_EMPTY_BODY = YES;
				CLANG_WARN_ENUM_CONVERSION = YES;
				CLANG_WARN_INT_CONVERSION = YES;
				CLANG_WARN__DUPLICATE_METHOD_MATCH = YES;
				COPY_PHASE_STRIP = YES;
				DEBUG_INFORMATION_FORMAT = "dwarf-with-dsym";
				GCC_C_LANGUAGE_STANDARD = gnu99;
				GCC_ENABLE_OBJC_EXCEPTIONS = YES;
				GCC_WARN_64_TO_32_BIT_CONVERSION = YES;
				GCC_WARN_ABOUT_RETURN_TYPE = YES;
				GCC_WARN_UNINITIALIZED_AUTOS = YES;
				GCC_WARN_UNUSED_VARIABLE = YES;
				MACOSX_DEPLOYMENT_TARGET = 10.8;
				SDKROOT = macosx;
			};
			name = Release;
		};
		A51AC7A11729122600ADB097 /* Debug */ = {
			isa = XCBuildConfiguration;
			baseConfigurationReference = 762F68E1D4F7A6B7BB5722FB /* Pods.debug.xcconfig */;
			buildSettings = {
				CLANG_ENABLE_OBJC_ARC = YES;
				GCC_PRECOMPILE_PREFIX_HEADER = YES;
				GCC_PREFIX_HEADER = "Uni Call Satellite/Uni Call-Prefix.pch";
				LIBRARY_SEARCH_PATHS = (
					"$(inherited)",
					"$(PROJECT_DIR)/pcre",
				);
				PRODUCT_NAME = "Uni Call Satellite";
				SDKROOT = macosx;
			};
			name = Debug;
		};
		A51AC7A21729122600ADB097 /* Release */ = {
			isa = XCBuildConfiguration;
			baseConfigurationReference = 2F4E9140F139D819F16E50D6 /* Pods.release.xcconfig */;
			buildSettings = {
				CLANG_ENABLE_OBJC_ARC = YES;
				GCC_PRECOMPILE_PREFIX_HEADER = YES;
				GCC_PREFIX_HEADER = "Uni Call Satellite/Uni Call-Prefix.pch";
				LIBRARY_SEARCH_PATHS = (
					"$(inherited)",
					"$(PROJECT_DIR)/pcre",
				);
				PRODUCT_NAME = "Uni Call Satellite";
				SDKROOT = macosx;
			};
			name = Release;
		};
		A53A272B173BE23900D3496F /* Debug */ = {
			isa = XCBuildConfiguration;
			buildSettings = {
				GCC_PRECOMPILE_PREFIX_HEADER = YES;
				GCC_PREFIX_HEADER = "Uni Call Basestation/Uni Call Basestation-Prefix.pch";
				PRODUCT_NAME = "$(TARGET_NAME)";
			};
			name = Debug;
		};
		A53A272C173BE23900D3496F /* Release */ = {
			isa = XCBuildConfiguration;
			buildSettings = {
				GCC_PRECOMPILE_PREFIX_HEADER = YES;
				GCC_PREFIX_HEADER = "Uni Call Basestation/Uni Call Basestation-Prefix.pch";
				PRODUCT_NAME = "$(TARGET_NAME)";
			};
			name = Release;
		};
		A5A0D6D11769596E00677C93 /* Debug */ = {
			isa = XCBuildConfiguration;
			buildSettings = {
				CLANG_ENABLE_MODULES = YES;
				CLANG_WARN_BOOL_CONVERSION = YES;
				CLANG_WARN_DIRECT_OBJC_ISA_USAGE = YES_ERROR;
				CLANG_WARN_OBJC_ROOT_CLASS = YES_ERROR;
				FRAMEWORK_SEARCH_PATHS = (
					"$(inherited)",
					"$(SRCROOT)/Skype\\ Call",
				);
				GCC_PRECOMPILE_PREFIX_HEADER = YES;
				GCC_PREFIX_HEADER = "Skype Call/Skype Call-Prefix.pch";
				GCC_PREPROCESSOR_DEFINITIONS = (
					"DEBUG=1",
					"$(inherited)",
				);
				GCC_WARN_ABOUT_RETURN_TYPE = YES_ERROR;
				GCC_WARN_UNDECLARED_SELECTOR = YES;
				GCC_WARN_UNUSED_FUNCTION = YES;
				PRODUCT_NAME = "$(TARGET_NAME)";
			};
			name = Debug;
		};
		A5A0D6D21769596E00677C93 /* Release */ = {
			isa = XCBuildConfiguration;
			buildSettings = {
				CLANG_ENABLE_MODULES = YES;
				CLANG_WARN_BOOL_CONVERSION = YES;
				CLANG_WARN_DIRECT_OBJC_ISA_USAGE = YES_ERROR;
				CLANG_WARN_OBJC_ROOT_CLASS = YES_ERROR;
				ENABLE_NS_ASSERTIONS = NO;
				FRAMEWORK_SEARCH_PATHS = (
					"$(inherited)",
					"$(SRCROOT)/Skype\\ Call",
				);
				GCC_PRECOMPILE_PREFIX_HEADER = YES;
				GCC_PREFIX_HEADER = "Skype Call/Skype Call-Prefix.pch";
				GCC_WARN_ABOUT_RETURN_TYPE = YES_ERROR;
				GCC_WARN_UNDECLARED_SELECTOR = YES;
				GCC_WARN_UNUSED_FUNCTION = YES;
				PRODUCT_NAME = "$(TARGET_NAME)";
			};
			name = Release;
		};
		A5D57C701744A36D00571334 /* Debug */ = {
			isa = XCBuildConfiguration;
			buildSettings = {
				FRAMEWORK_SEARCH_PATHS = (
					"$(inherited)",
					"$(SRCROOT)/../../../../../Desktop",
				);
				GCC_PRECOMPILE_PREFIX_HEADER = YES;
				GCC_PREFIX_HEADER = "Test/Test-Prefix.pch";
				LIBRARY_SEARCH_PATHS = (
					"$(inherited)",
					"$(PROJECT_DIR)/pcre",
				);
				PRODUCT_NAME = "$(TARGET_NAME)";
			};
			name = Debug;
		};
		A5D57C711744A36D00571334 /* Release */ = {
			isa = XCBuildConfiguration;
			buildSettings = {
				FRAMEWORK_SEARCH_PATHS = (
					"$(inherited)",
					"$(SRCROOT)/../../../../../Desktop",
				);
				GCC_PRECOMPILE_PREFIX_HEADER = YES;
				GCC_PREFIX_HEADER = "Test/Test-Prefix.pch";
				LIBRARY_SEARCH_PATHS = (
					"$(inherited)",
					"$(PROJECT_DIR)/pcre",
				);
				PRODUCT_NAME = "$(TARGET_NAME)";
			};
			name = Release;
		};
/* End XCBuildConfiguration section */

/* Begin XCConfigurationList section */
		A51AC78D1729122600ADB097 /* Build configuration list for PBXProject "Uni Call" */ = {
			isa = XCConfigurationList;
			buildConfigurations = (
				A51AC79E1729122600ADB097 /* Debug */,
				A51AC79F1729122600ADB097 /* Release */,
			);
			defaultConfigurationIsVisible = 0;
			defaultConfigurationName = Release;
		};
		A51AC7A01729122600ADB097 /* Build configuration list for PBXNativeTarget "Uni Call Satellite" */ = {
			isa = XCConfigurationList;
			buildConfigurations = (
				A51AC7A11729122600ADB097 /* Debug */,
				A51AC7A21729122600ADB097 /* Release */,
			);
			defaultConfigurationIsVisible = 0;
			defaultConfigurationName = Release;
		};
		A53A272A173BE23900D3496F /* Build configuration list for PBXNativeTarget "Uni Call Basestation" */ = {
			isa = XCConfigurationList;
			buildConfigurations = (
				A53A272B173BE23900D3496F /* Debug */,
				A53A272C173BE23900D3496F /* Release */,
			);
			defaultConfigurationIsVisible = 0;
			defaultConfigurationName = Release;
		};
		A5A0D6D01769596E00677C93 /* Build configuration list for PBXNativeTarget "Skype Call" */ = {
			isa = XCConfigurationList;
			buildConfigurations = (
				A5A0D6D11769596E00677C93 /* Debug */,
				A5A0D6D21769596E00677C93 /* Release */,
			);
			defaultConfigurationIsVisible = 0;
			defaultConfigurationName = Release;
		};
		A5D57C721744A36D00571334 /* Build configuration list for PBXNativeTarget "Test" */ = {
			isa = XCConfigurationList;
			buildConfigurations = (
				A5D57C701744A36D00571334 /* Debug */,
				A5D57C711744A36D00571334 /* Release */,
			);
			defaultConfigurationIsVisible = 0;
			defaultConfigurationName = Release;
		};
/* End XCConfigurationList section */
	};
	rootObject = A51AC78A1729122600ADB097 /* Project object */;
}
